
Microsoft Visual Studio Solution File, Format Version 12.00
# Visual Studio 15
VisualStudioVersion = 15.0.26730.15
MinimumVisualStudioVersion = 10.0.40219.1
Project("{9A19103F-16F7-4668-BE54-9A1E7A4F7556}") = "Nibbles", "Nibbles\Nibbles.csproj", "{010BF63E-4CD5-4DA0-B8E5-DF6117C03C0F}"
EndProject
Global
	GlobalSection(SolutionConfigurationPlatforms) = preSolution
		Debug|Any CPU = Debug|Any CPU
		Release|Any CPU = Release|Any CPU
	EndGlobalSection
	GlobalSection(ProjectConfigurationPlatforms) = postSolution
		{010BF63E-4CD5-4DA0-B8E5-DF6117C03C0F}.Debug|Any CPU.ActiveCfg = Debug|Any CPU
		{010BF63E-4CD5-4DA0-B8E5-DF6117C03C0F}.Debug|Any CPU.Build.0 = Debug|Any CPU
		{010BF63E-4CD5-4DA0-B8E5-DF6117C03C0F}.Release|Any CPU.ActiveCfg = Release|Any CPU
		{010BF63E-4CD5-4DA0-B8E5-DF6117C03C0F}.Release|Any CPU.Build.0 = Release|Any CPU
	EndGlobalSection
	GlobalSection(SolutionProperties) = preSolution
		HideSolutionNode = FALSE
	EndGlobalSection
	GlobalSection(ExtensibilityGlobals) = postSolution
		SolutionGuid = {327221F1-9177-47CA-8E5E-5BC27CE1F8FC}
	EndGlobalSection
EndGlobal
